
Microsoft Visual Studio Solution File, Format Version 12.00
# Visual Studio Version 16
VisualStudioVersion = 16.0.31112.23
MinimumVisualStudioVersion = 10.0.40219.1
Project("{FAE04EC0-301F-11D3-BF4B-00C04F79EFBC}") = "CSG_UI_MVC", "CSG_UI_MVC\CSG_UI_MVC.csproj", "{B6AB1545-B4DD-4CAF-82BF-3D543191DA64}"
EndProject
Global
	GlobalSection(SolutionConfigurationPlatforms) = preSolution
		Debug|Any CPU = Debug|Any CPU
		Release|Any CPU = Release|Any CPU
	EndGlobalSection
	GlobalSection(ProjectConfigurationPlatforms) = postSolution
		{B6AB1545-B4DD-4CAF-82BF-3D543191DA64}.Debug|Any CPU.ActiveCfg = Debug|Any CPU
		{B6AB1545-B4DD-4CAF-82BF-3D543191DA64}.Debug|Any CPU.Build.0 = Debug|Any CPU
		{B6AB1545-B4DD-4CAF-82BF-3D543191DA64}.Release|Any CPU.ActiveCfg = Release|Any CPU
		{B6AB1545-B4DD-4CAF-82BF-3D543191DA64}.Release|Any CPU.Build.0 = Release|Any CPU
	EndGlobalSection
	GlobalSection(SolutionProperties) = preSolution
		HideSolutionNode = FALSE
	EndGlobalSection
	GlobalSection(ExtensibilityGlobals) = postSolution
		SolutionGuid = {1FD50B55-4E2F-4E37-8190-2E71B963A3AD}
	EndGlobalSection
EndGlobal
